
Microsoft Visual Studio Solution File, Format Version 12.00
# Visual Studio 15
VisualStudioVersion = 15.0.28307.779
MinimumVisualStudioVersion = 10.0.40219.1
Project("{FAE04EC0-301F-11D3-BF4B-00C04F79EFBC}") = "WpfWKS", "WpfWKS\WpfWKS.csproj", "{CAB659E6-A657-4EB1-8DE9-8049E3561E3C}"
EndProject
Global
	GlobalSection(SolutionConfigurationPlatforms) = preSolution
		Debug|Any CPU = Debug|Any CPU
		Release|Any CPU = Release|Any CPU
	EndGlobalSection
	GlobalSection(ProjectConfigurationPlatforms) = postSolution
		{CAB659E6-A657-4EB1-8DE9-8049E3561E3C}.Debug|Any CPU.ActiveCfg = Debug|Any CPU
		{CAB659E6-A657-4EB1-8DE9-8049E3561E3C}.Debug|Any CPU.Build.0 = Debug|Any CPU
		{CAB659E6-A657-4EB1-8DE9-8049E3561E3C}.Release|Any CPU.ActiveCfg = Release|Any CPU
		{CAB659E6-A657-4EB1-8DE9-8049E3561E3C}.Release|Any CPU.Build.0 = Release|Any CPU
	EndGlobalSection
	GlobalSection(SolutionProperties) = preSolution
		HideSolutionNode = FALSE
	EndGlobalSection
	GlobalSection(ExtensibilityGlobals) = postSolution
		SolutionGuid = {AF9B79EC-C94F-4637-BCF9-D0BAFD49F4A6}
	EndGlobalSection
EndGlobal
